// !$*UTF8*$!
{
	archiveVersion = 1;
	classes = {
	};
	objectVersion = 46;
	objects = {

/* Begin PBXBuildFile section */
		52E13B4F1AE848210050D1C8 /* main.cpp in Sources */ = {isa = PBXBuildFile; fileRef = 52E13B4E1AE848210050D1C8 /* main.cpp */; };
/* End PBXBuildFile section */

/* Begin PBXCopyFilesBuildPhase section */
		52E13B491AE848210050D1C8 /* CopyFiles */ = {
			isa = PBXCopyFilesBuildPhase;
			buildActionMask = 2147483647;
			dstPath = /usr/share/man/man1/;
			dstSubfolderSpec = 0;
			files = (
			);
			runOnlyForDeploymentPostprocessing = 1;
		};
/* End PBXCopyFilesBuildPhase section */

/* Begin PBXFileReference section */
		5211E5B11AE855DD003441B1 /* README */ = {isa = PBXFileReference; fileEncoding = 4; lastKnownFileType = text; path = README; sourceTree = "<group>"; };
		52E13B4B1AE848210050D1C8 /* NnearestNeighbor */ = {isa = PBXFileReference; explicitFileType = "compiled.mach-o.executable"; includeInIndex = 0; path = NnearestNeighbor; sourceTree = BUILT_PRODUCTS_DIR; };
		52E13B4E1AE848210050D1C8 /* main.cpp */ = {isa = PBXFileReference; lastKnownFileType = sourcecode.cpp.cpp; path = main.cpp; sourceTree = "<group>"; };
		52E13B551AE849700050D1C8 /* glass.data */ = {isa = PBXFileReference; lastKnownFileType = text; path = glass.data; sourceTree = "<group>"; };
/* End PBXFileReference section */

/* Begin PBXFrameworksBuildPhase section */
		52E13B481AE848210050D1C8 /* Frameworks */ = {
			isa = PBXFrameworksBuildPhase;
			buildActionMask = 2147483647;
			files = (
			);
			runOnlyForDeploymentPostprocessing = 0;
		};
/* End PBXFrameworksBuildPhase section */

/* Begin PBXGroup section */
		52E13B421AE848210050D1C8 = {
			isa = PBXGroup;
			children = (
				52E13B4D1AE848210050D1C8 /* NnearestNeighbor */,
				52E13B4C1AE848210050D1C8 /* Products */,
			);
			sourceTree = "<group>";
		};
		52E13B4C1AE848210050D1C8 /* Products */ = {
			isa = PBXGroup;
			children = (
				52E13B4B1AE848210050D1C8 /* NnearestNeighbor */,
			);
			name = Products;
			sourceTree = "<group>";
		};
		52E13B4D1AE848210050D1C8 /* NnearestNeighbor */ = {
			isa = PBXGroup;
			children = (
				52E13B551AE849700050D1C8 /* glass.data */,
				52E13B4E1AE848210050D1C8 /* main.cpp */,
				5211E5B11AE855DD003441B1 /* README */,
			);
			path = NnearestNeighbor;
			sourceTree = "<group>";
		};
/* End PBXGroup section */

/* Begin PBXNativeTarget section */
		52E13B4A1AE848210050D1C8 /* NnearestNeighbor */ = {
			isa = PBXNativeTarget;
			buildConfigurationList = 52E13B521AE848210050D1C8 /* Build configuration list for PBXNativeTarget "NnearestNeighbor" */;
			buildPhases = (
				52E13B471AE848210050D1C8 /* Sources */,
				52E13B481AE848210050D1C8 /* Frameworks */,
				52E13B491AE848210050D1C8 /* CopyFiles */,
			);
			buildRules = (
			);
			dependencies = (
			);
			name = NnearestNeighbor;
			productName = NnearestNeighbor;
			productReference = 52E13B4B1AE848210050D1C8 /* NnearestNeighbor */;
			productType = "com.apple.product-type.tool";
		};
/* End PBXNativeTarget section */

/* Begin PBXProject section */
		52E13B431AE848210050D1C8 /* Project object */ = {
			isa = PBXProject;
			attributes = {
				LastUpgradeCheck = 0610;
				ORGANIZATIONNAME = "Can Xiong";
				TargetAttributes = {
					52E13B4A1AE848210050D1C8 = {
						CreatedOnToolsVersion = 6.1.1;
					};
				};
			};
			buildConfigurationList = 52E13B461AE848210050D1C8 /* Build configuration list for PBXProject "NnearestNeighbor" */;
			compatibilityVersion = "Xcode 3.2";
			developmentRegion = English;
			hasScannedForEncodings = 0;
			knownRegions = (
				en,
			);
			mainGroup = 52E13B421AE848210050D1C8;
			productRefGroup = 52E13B4C1AE848210050D1C8 /* Products */;
			projectDirPath = "";
			projectRoot = "";
			targets = (
				52E13B4A1AE848210050D1C8 /* NnearestNeighbor */,
			);
		};
/* End PBXProject section */

/* Begin PBXSourcesBuildPhase section */
		52E13B471AE848210050D1C8 /* Sources */ = {
			isa = PBXSourcesBuildPhase;
			buildActionMask = 2147483647;
			files = (
				52E13B4F1AE848210050D1C8 /* main.cpp in Sources */,
			);
			runOnlyForDeploymentPostprocessing = 0;
		};
/* End PBXSourcesBuildPhase section */

/* Begin XCBuildConfiguration section */
		52E13B501AE848210050D1C8 /* Debug */ = {
			isa = XCBuildConfiguration;
			buildSettings = {
				ALWAYS_SEARCH_USER_PATHS = NO;
				CLANG_CXX_LANGUAGE_STANDARD = "gnu++0x";
				CLANG_CXX_LIBRARY = "libc++";
				CLANG_ENABLE_MODULES = YES;
				CLANG_ENABLE_OBJC_ARC = YES;
				CLANG_WARN_BOOL_CONVERSION = YES;
				CLANG_WARN_CONSTANT_CONVERSION = YES;
				CLANG_WARN_DIRECT_OBJC_ISA_USAGE = YES_ERROR;
				CLANG_WARN_EMPTY_BODY = YES;
				CLANG_WARN_ENUM_CONVERSION = YES;
				CLANG_WARN_INT_CONVERSION = YES;
				CLANG_WARN_OBJC_ROOT_CLASS = YES_ERROR;
				CLANG_WARN_UNREACHABLE_CODE = YES;
				CLANG_WARN__DUPLICATE_METHOD_MATCH = YES;
				COPY_PHASE_STRIP = NO;
				ENABLE_STRICT_OBJC_MSGSEND = YES;
				GCC_C_LANGUAGE_STANDARD = gnu99;
				GCC_DYNAMIC_NO_PIC = NO;
				GCC_OPTIMIZATION_LEVEL = 0;
				GCC_PREPROCESSOR_DEFINITIONS = (
					"DEBUG=1",
					"$(inherited)",
				);
				GCC_SYMBOLS_PRIVATE_EXTERN = NO;
				GCC_WARN_64_TO_32_BIT_CONVERSION = YES;
				GCC_WARN_ABOUT_RETURN_TYPE = YES_ERROR;
				GCC_WARN_UNDECLARED_SELECTOR = YES;
				GCC_WARN_UNINITIALIZED_AUTOS = YES_AGGRESSIVE;
				GCC_WARN_UNUSED_FUNCTION = YES;
				GCC_WARN_UNUSED_VARIABLE = YES;
				MACOSX_DEPLOYMENT_TARGET = 10.10;
				MTL_ENABLE_DEBUG_INFO = YES;
				ONLY_ACTIVE_ARCH = YES;
				SDKROOT = macosx;
			};
			name = Debug;
		};
		52E13B511AE848210050D1C8 /* Release */ = {
			isa = XCBuildConfiguration;
			buildSettings = {
				ALWAYS_SEARCH_USER_PATHS = NO;
				CLANG_CXX_LANGUAGE_STANDARD = "gnu++0x";
				CLANG_CXX_LIBRARY = "libc++";
				CLANG_ENABLE_MODULES = YES;
				CLANG_ENABLE_OBJC_ARC = YES;
				CLANG_WARN_BOOL_CONVERSION = YES;
				CLANG_WARN_CONSTANT_CONVERSION = YES;
				CLANG_WARN_DIRECT_OBJC_ISA_USAGE = YES_ERROR;
				CLANG_WARN_EMPTY_BODY = YES;
				CLANG_WARN_ENUM_CONVERSION = YES;
				CLANG_WARN_INT_CONVERSION = YES;
				CLANG_WARN_OBJC_ROOT_CLASS = YES_ERROR;
				CLANG_WARN_UNREACHABLE_CODE = YES;
				CLANG_WARN__DUPLICATE_METHOD_MATCH = YES;
				COPY_PHASE_STRIP = YES;
				DEBUG_INFORMATION_FORMAT = "dwarf-with-dsym";
				ENABLE_NS_ASSERTIONS = NO;
				ENABLE_STRICT_OBJC_MSGSEND = YES;
				GCC_C_LANGUAGE_STANDARD = gnu99;
				GCC_WARN_64_TO_32_BIT_CONVERSION = YES;
				GCC_WARN_ABOUT_RETURN_TYPE = YES_ERROR;
				GCC_WARN_UNDECLARED_SELECTOR = YES;
				GCC_WARN_UNINITIALIZED_AUTOS = YES_AGGRESSIVE;
				GCC_WARN_UNUSED_FUNCTION = YES;
				GCC_WARN_UNUSED_VARIABLE = YES;
				MACOSX_DEPLOYMENT_TARGET = 10.10;
				MTL_ENABLE_DEBUG_INFO = NO;
				SDKROOT = macosx;
			};
			name = Release;
		};
		52E13B531AE848210050D1C8 /* Debug */ = {
			isa = XCBuildConfiguration;
			buildSettings = {
				PRODUCT_NAME = "$(TARGET_NAME)";
			};
			name = Debug;
		};
		52E13B541AE848210050D1C8 /* Release */ = {
			isa = XCBuildConfiguration;
			buildSettings = {
				PRODUCT_NAME = "$(TARGET_NAME)";
			};
			name = Release;
		};
/* End XCBuildConfiguration section */

/* Begin XCConfigurationList section */
		52E13B461AE848210050D1C8 /* Build configuration list for PBXProject "NnearestNeighbor" */ = {
			isa = XCConfigurationList;
			buildConfigurations = (
				52E13B501AE848210050D1C8 /* Debug */,
				52E13B511AE848210050D1C8 /* Release */,
			);
			defaultConfigurationIsVisible = 0;
			defaultConfigurationName = Release;
		};
		52E13B521AE848210050D1C8 /* Build configuration list for PBXNativeTarget "NnearestNeighbor" */ = {
			isa = XCConfigurationList;
			buildConfigurations = (
				52E13B531AE848210050D1C8 /* Debug */,
				52E13B541AE848210050D1C8 /* Release */,
			);
			defaultConfigurationIsVisible = 0;
			defaultConfigurationName = Release;
		};
/* End XCConfigurationList section */
	};
	rootObject = 52E13B431AE848210050D1C8 /* Project object */;
}
